
Microsoft Visual Studio Solution File, Format Version 12.00
# Visual Studio 15
VisualStudioVersion = 15.0.27428.2043
MinimumVisualStudioVersion = 10.0.40219.1
Project("{FAE04EC0-301F-11D3-BF4B-00C04F79EFBC}") = "TestProteogenomics", "TestProteogenomics\TestProteogenomics.csproj", "{3D8E88D3-366E-4BC3-981D-456B8B86CBE8}"
EndProject
Project("{9A19103F-16F7-4668-BE54-9A1E7A4F7556}") = "Proteogenomics", "Proteogenomics\Proteogenomics.csproj", "{A66240F2-C289-4E1E-A75A-04171D836D69}"
EndProject
Project("{FAE04EC0-301F-11D3-BF4B-00C04F79EFBC}") = "Benchmark", "Benchmark\Benchmark.csproj", "{9611B333-2CD6-4FC9-88A5-399DF9D93CDA}"
EndProject
Global
	GlobalSection(SolutionConfigurationPlatforms) = preSolution
		Debug|Any CPU = Debug|Any CPU
		Release|Any CPU = Release|Any CPU
	EndGlobalSection
	GlobalSection(ProjectConfigurationPlatforms) = postSolution
		{3D8E88D3-366E-4BC3-981D-456B8B86CBE8}.Debug|Any CPU.ActiveCfg = Debug|Any CPU
		{3D8E88D3-366E-4BC3-981D-456B8B86CBE8}.Debug|Any CPU.Build.0 = Debug|Any CPU
		{3D8E88D3-366E-4BC3-981D-456B8B86CBE8}.Release|Any CPU.ActiveCfg = Release|Any CPU
		{3D8E88D3-366E-4BC3-981D-456B8B86CBE8}.Release|Any CPU.Build.0 = Release|Any CPU
		{A66240F2-C289-4E1E-A75A-04171D836D69}.Debug|Any CPU.ActiveCfg = Debug|Any CPU
		{A66240F2-C289-4E1E-A75A-04171D836D69}.Debug|Any CPU.Build.0 = Debug|Any CPU
		{A66240F2-C289-4E1E-A75A-04171D836D69}.Release|Any CPU.ActiveCfg = Release|Any CPU
		{A66240F2-C289-4E1E-A75A-04171D836D69}.Release|Any CPU.Build.0 = Release|Any CPU
		{9611B333-2CD6-4FC9-88A5-399DF9D93CDA}.Debug|Any CPU.ActiveCfg = Debug|Any CPU
		{9611B333-2CD6-4FC9-88A5-399DF9D93CDA}.Debug|Any CPU.Build.0 = Debug|Any CPU
		{9611B333-2CD6-4FC9-88A5-399DF9D93CDA}.Release|Any CPU.ActiveCfg = Release|Any CPU
		{9611B333-2CD6-4FC9-88A5-399DF9D93CDA}.Release|Any CPU.Build.0 = Release|Any CPU
	EndGlobalSection
	GlobalSection(SolutionProperties) = preSolution
		HideSolutionNode = FALSE
	EndGlobalSection
	GlobalSection(ExtensibilityGlobals) = postSolution
		SolutionGuid = {CA80BFC7-A074-47B9-B99A-3BE93A2382DB}
	EndGlobalSection
EndGlobal
